
Microsoft Visual Studio Solution File, Format Version 12.00
# Visual Studio Version 17
VisualStudioVersion = 17.10.34916.146
MinimumVisualStudioVersion = 10.0.40219.1
Project("{9A19103F-16F7-4668-BE54-9A1E7A4F7556}") = "ALLP", "ALLP\ALLP.csproj", "{DF40C857-ED83-4BA1-98D1-54EEFB5BC6BE}"
EndProject
Project("{9A19103F-16F7-4668-BE54-9A1E7A4F7556}") = "Domain", "Domain\Domain.csproj", "{A65BD368-0512-4F29-9004-82CFD2DD8D48}"
EndProject
Project("{9A19103F-16F7-4668-BE54-9A1E7A4F7556}") = "Application", "Application\Application.csproj", "{47F9CADF-CCAB-4AC2-BB22-93E314E80E08}"
EndProject
Project("{9A19103F-16F7-4668-BE54-9A1E7A4F7556}") = "Infrastructure", "Infrastructure\Infrastructure.csproj", "{2ADA8438-9628-42C8-9E0C-762B700ABFFB}"
EndProject
Project("{9A19103F-16F7-4668-BE54-9A1E7A4F7556}") = "Ocelot1", "Ocelot1\Ocelot1.csproj", "{E62AD7A1-1E0C-4BD7-851C-4FF4FE3A6FC6}"
EndProject
Project("{FAE04EC0-301F-11D3-BF4B-00C04F79EFBC}") = "Presentation", "Presentation\Presentation.csproj", "{842783EC-79FA-4070-A6EE-4B4BCAFB7BA2}"
EndProject
Global
	GlobalSection(SolutionConfigurationPlatforms) = preSolution
		Debug|Any CPU = Debug|Any CPU
		Release|Any CPU = Release|Any CPU
	EndGlobalSection
	GlobalSection(ProjectConfigurationPlatforms) = postSolution
		{DF40C857-ED83-4BA1-98D1-54EEFB5BC6BE}.Debug|Any CPU.ActiveCfg = Debug|Any CPU
		{DF40C857-ED83-4BA1-98D1-54EEFB5BC6BE}.Debug|Any CPU.Build.0 = Debug|Any CPU
		{DF40C857-ED83-4BA1-98D1-54EEFB5BC6BE}.Release|Any CPU.ActiveCfg = Release|Any CPU
		{DF40C857-ED83-4BA1-98D1-54EEFB5BC6BE}.Release|Any CPU.Build.0 = Release|Any CPU
		{A65BD368-0512-4F29-9004-82CFD2DD8D48}.Debug|Any CPU.ActiveCfg = Debug|Any CPU
		{A65BD368-0512-4F29-9004-82CFD2DD8D48}.Debug|Any CPU.Build.0 = Debug|Any CPU
		{A65BD368-0512-4F29-9004-82CFD2DD8D48}.Release|Any CPU.ActiveCfg = Release|Any CPU
		{A65BD368-0512-4F29-9004-82CFD2DD8D48}.Release|Any CPU.Build.0 = Release|Any CPU
		{47F9CADF-CCAB-4AC2-BB22-93E314E80E08}.Debug|Any CPU.ActiveCfg = Debug|Any CPU
		{47F9CADF-CCAB-4AC2-BB22-93E314E80E08}.Debug|Any CPU.Build.0 = Debug|Any CPU
		{47F9CADF-CCAB-4AC2-BB22-93E314E80E08}.Release|Any CPU.ActiveCfg = Release|Any CPU
		{47F9CADF-CCAB-4AC2-BB22-93E314E80E08}.Release|Any CPU.Build.0 = Release|Any CPU
		{2ADA8438-9628-42C8-9E0C-762B700ABFFB}.Debug|Any CPU.ActiveCfg = Debug|Any CPU
		{2ADA8438-9628-42C8-9E0C-762B700ABFFB}.Debug|Any CPU.Build.0 = Debug|Any CPU
		{2ADA8438-9628-42C8-9E0C-762B700ABFFB}.Release|Any CPU.ActiveCfg = Release|Any CPU
		{2ADA8438-9628-42C8-9E0C-762B700ABFFB}.Release|Any CPU.Build.0 = Release|Any CPU
		{E62AD7A1-1E0C-4BD7-851C-4FF4FE3A6FC6}.Debug|Any CPU.ActiveCfg = Debug|Any CPU
		{E62AD7A1-1E0C-4BD7-851C-4FF4FE3A6FC6}.Debug|Any CPU.Build.0 = Debug|Any CPU
		{E62AD7A1-1E0C-4BD7-851C-4FF4FE3A6FC6}.Release|Any CPU.ActiveCfg = Release|Any CPU
		{E62AD7A1-1E0C-4BD7-851C-4FF4FE3A6FC6}.Release|Any CPU.Build.0 = Release|Any CPU
		{842783EC-79FA-4070-A6EE-4B4BCAFB7BA2}.Debug|Any CPU.ActiveCfg = Debug|Any CPU
		{842783EC-79FA-4070-A6EE-4B4BCAFB7BA2}.Debug|Any CPU.Build.0 = Debug|Any CPU
		{842783EC-79FA-4070-A6EE-4B4BCAFB7BA2}.Release|Any CPU.ActiveCfg = Release|Any CPU
		{842783EC-79FA-4070-A6EE-4B4BCAFB7BA2}.Release|Any CPU.Build.0 = Release|Any CPU
	EndGlobalSection
	GlobalSection(SolutionProperties) = preSolution
		HideSolutionNode = FALSE
	EndGlobalSection
	GlobalSection(ExtensibilityGlobals) = postSolution
		SolutionGuid = {57600696-88B5-476E-BBC1-93AB669B90E4}
	EndGlobalSection
EndGlobal
